// !$*UTF8*$!
{
	archiveVersion = 1;
	classes = {
	};
	objectVersion = 52;
	objects = {

/* Begin PBXBuildFile section */
		2F0647D123E38FE900965033 /* AppDelegate.swift in Sources */ = {isa = PBXBuildFile; fileRef = 2F0647D023E38FE900965033 /* AppDelegate.swift */; };
		2F0647D323E38FE900965033 /* ContentView.swift in Sources */ = {isa = PBXBuildFile; fileRef = 2F0647D223E38FE900965033 /* ContentView.swift */; };
		2F0647D523E38FEC00965033 /* Assets.xcassets in Resources */ = {isa = PBXBuildFile; fileRef = 2F0647D423E38FEC00965033 /* Assets.xcassets */; };
		2F0647D823E38FEC00965033 /* Preview Assets.xcassets in Resources */ = {isa = PBXBuildFile; fileRef = 2F0647D723E38FEC00965033 /* Preview Assets.xcassets */; };
		2F0647DB23E38FEC00965033 /* Main.storyboard in Resources */ = {isa = PBXBuildFile; fileRef = 2F0647D923E38FEC00965033 /* Main.storyboard */; };
		2F0647E523E3907C00965033 /* PackageEtherCapture in Frameworks */ = {isa = PBXBuildFile; productRef = 2F0647E423E3907C00965033 /* PackageEtherCapture */; };
		2F0647E723E3919300965033 /* CaptureFilterView.swift in Sources */ = {isa = PBXBuildFile; fileRef = 2F0647E623E3919300965033 /* CaptureFilterView.swift */; };
/* End PBXBuildFile section */

/* Begin PBXFileReference section */
		2F0647CD23E38FE900965033 /* Etherdump.app */ = {isa = PBXFileReference; explicitFileType = wrapper.application; includeInIndex = 0; path = Etherdump.app; sourceTree = BUILT_PRODUCTS_DIR; };
		2F0647D023E38FE900965033 /* AppDelegate.swift */ = {isa = PBXFileReference; lastKnownFileType = sourcecode.swift; path = AppDelegate.swift; sourceTree = "<group>"; };
		2F0647D223E38FE900965033 /* ContentView.swift */ = {isa = PBXFileReference; lastKnownFileType = sourcecode.swift; path = ContentView.swift; sourceTree = "<group>"; };
		2F0647D423E38FEC00965033 /* Assets.xcassets */ = {isa = PBXFileReference; lastKnownFileType = folder.assetcatalog; path = Assets.xcassets; sourceTree = "<group>"; };
		2F0647D723E38FEC00965033 /* Preview Assets.xcassets */ = {isa = PBXFileReference; lastKnownFileType = folder.assetcatalog; path = "Preview Assets.xcassets"; sourceTree = "<group>"; };
		2F0647DA23E38FEC00965033 /* Base */ = {isa = PBXFileReference; lastKnownFileType = file.storyboard; name = Base; path = Base.lproj/Main.storyboard; sourceTree = "<group>"; };
		2F0647DC23E38FEC00965033 /* Info.plist */ = {isa = PBXFileReference; lastKnownFileType = text.plist.xml; path = Info.plist; sourceTree = "<group>"; };
		2F0647DD23E38FEC00965033 /* Etherdump.entitlements */ = {isa = PBXFileReference; lastKnownFileType = text.plist.entitlements; path = Etherdump.entitlements; sourceTree = "<group>"; };
		2F0647E623E3919300965033 /* CaptureFilterView.swift */ = {isa = PBXFileReference; lastKnownFileType = sourcecode.swift; path = CaptureFilterView.swift; sourceTree = "<group>"; };
/* End PBXFileReference section */

/* Begin PBXFrameworksBuildPhase section */
		2F0647CA23E38FE900965033 /* Frameworks */ = {
			isa = PBXFrameworksBuildPhase;
			buildActionMask = 2147483647;
			files = (
				2F0647E523E3907C00965033 /* PackageEtherCapture in Frameworks */,
			);
			runOnlyForDeploymentPostprocessing = 0;
		};
/* End PBXFrameworksBuildPhase section */

/* Begin PBXGroup section */
		2F0647C423E38FE900965033 = {
			isa = PBXGroup;
			children = (
				2F0647CF23E38FE900965033 /* Etherdump */,
				2F0647CE23E38FE900965033 /* Products */,
			);
			sourceTree = "<group>";
		};
		2F0647CE23E38FE900965033 /* Products */ = {
			isa = PBXGroup;
			children = (
				2F0647CD23E38FE900965033 /* Etherdump.app */,
			);
			name = Products;
			sourceTree = "<group>";
		};
		2F0647CF23E38FE900965033 /* Etherdump */ = {
			isa = PBXGroup;
			children = (
				2F0647D023E38FE900965033 /* AppDelegate.swift */,
				2F0647D223E38FE900965033 /* ContentView.swift */,
				2F0647E623E3919300965033 /* CaptureFilterView.swift */,
				2F0647D423E38FEC00965033 /* Assets.xcassets */,
				2F0647D923E38FEC00965033 /* Main.storyboard */,
				2F0647DC23E38FEC00965033 /* Info.plist */,
				2F0647DD23E38FEC00965033 /* Etherdump.entitlements */,
				2F0647D623E38FEC00965033 /* Preview Content */,
			);
			path = Etherdump;
			sourceTree = "<group>";
		};
		2F0647D623E38FEC00965033 /* Preview Content */ = {
			isa = PBXGroup;
			children = (
				2F0647D723E38FEC00965033 /* Preview Assets.xcassets */,
			);
			path = "Preview Content";
			sourceTree = "<group>";
		};
/* End PBXGroup section */

/* Begin PBXNativeTarget section */
		2F0647CC23E38FE900965033 /* Etherdump */ = {
			isa = PBXNativeTarget;
			buildConfigurationList = 2F0647E023E38FEC00965033 /* Build configuration list for PBXNativeTarget "Etherdump" */;
			buildPhases = (
				2F0647C923E38FE900965033 /* Sources */,
				2F0647CA23E38FE900965033 /* Frameworks */,
				2F0647CB23E38FE900965033 /* Resources */,
			);
			buildRules = (
			);
			dependencies = (
			);
			name = Etherdump;
			packageProductDependencies = (
				2F0647E423E3907C00965033 /* PackageEtherCapture */,
			);
			productName = Etherdump;
			productReference = 2F0647CD23E38FE900965033 /* Etherdump.app */;
			productType = "com.apple.product-type.application";
		};
/* End PBXNativeTarget section */

/* Begin PBXProject section */
		2F0647C523E38FE900965033 /* Project object */ = {
			isa = PBXProject;
			attributes = {
				LastSwiftUpdateCheck = 1130;
				LastUpgradeCheck = 1130;
				ORGANIZATIONNAME = net.networkmom;
				TargetAttributes = {
					2F0647CC23E38FE900965033 = {
						CreatedOnToolsVersion = 11.3.1;
					};
				};
			};
			buildConfigurationList = 2F0647C823E38FE900965033 /* Build configuration list for PBXProject "Etherdump" */;
			compatibilityVersion = "Xcode 9.3";
			developmentRegion = en;
			hasScannedForEncodings = 0;
			knownRegions = (
				en,
				Base,
			);
			mainGroup = 2F0647C423E38FE900965033;
			packageReferences = (
				2F0647E323E3907C00965033 /* XCRemoteSwiftPackageReference "PackageEtherCapture" */,
			);
			productRefGroup = 2F0647CE23E38FE900965033 /* Products */;
			projectDirPath = "";
			projectRoot = "";
			targets = (
				2F0647CC23E38FE900965033 /* Etherdump */,
			);
		};
/* End PBXProject section */

/* Begin PBXResourcesBuildPhase section */
		2F0647CB23E38FE900965033 /* Resources */ = {
			isa = PBXResourcesBuildPhase;
			buildActionMask = 2147483647;
			files = (
				2F0647DB23E38FEC00965033 /* Main.storyboard in Resources */,
				2F0647D823E38FEC00965033 /* Preview Assets.xcassets in Resources */,
				2F0647D523E38FEC00965033 /* Assets.xcassets in Resources */,
			);
			runOnlyForDeploymentPostprocessing = 0;
		};
/* End PBXResourcesBuildPhase section */

/* Begin PBXSourcesBuildPhase section */
		2F0647C923E38FE900965033 /* Sources */ = {
			isa = PBXSourcesBuildPhase;
			buildActionMask = 2147483647;
			files = (
				2F0647E723E3919300965033 /* CaptureFilterView.swift in Sources */,
				2F0647D323E38FE900965033 /* ContentView.swift in Sources */,
				2F0647D123E38FE900965033 /* AppDelegate.swift in Sources */,
			);
			runOnlyForDeploymentPostprocessing = 0;
		};
/* End PBXSourcesBuildPhase section */

/* Begin PBXVariantGroup section */
		2F0647D923E38FEC00965033 /* Main.storyboard */ = {
			isa = PBXVariantGroup;
			children = (
				2F0647DA23E38FEC00965033 /* Base */,
			);
			name = Main.storyboard;
			sourceTree = "<group>";
		};
/* End PBXVariantGroup section */

/* Begin XCBuildConfiguration section */
		2F0647DE23E38FEC00965033 /* Debug */ = {
			isa = XCBuildConfiguration;
			buildSettings = {
				ALWAYS_SEARCH_USER_PATHS = NO;
				CLANG_ANALYZER_NONNULL = YES;
				CLANG_ANALYZER_NUMBER_OBJECT_CONVERSION = YES_AGGRESSIVE;
				CLANG_CXX_LANGUAGE_STANDARD = "gnu++14";
				CLANG_CXX_LIBRARY = "libc++";
				CLANG_ENABLE_MODULES = YES;
				CLANG_ENABLE_OBJC_ARC = YES;
				CLANG_ENABLE_OBJC_WEAK = YES;
				CLANG_WARN_BLOCK_CAPTURE_AUTORELEASING = YES;
				CLANG_WARN_BOOL_CONVERSION = YES;
				CLANG_WARN_COMMA = YES;
				CLANG_WARN_CONSTANT_CONVERSION = YES;
				CLANG_WARN_DEPRECATED_OBJC_IMPLEMENTATIONS = YES;
				CLANG_WARN_DIRECT_OBJC_ISA_USAGE = YES_ERROR;
				CLANG_WARN_DOCUMENTATION_COMMENTS = YES;
				CLANG_WARN_EMPTY_BODY = YES;
				CLANG_WARN_ENUM_CONVERSION = YES;
				CLANG_WARN_INFINITE_RECURSION = YES;
				CLANG_WARN_INT_CONVERSION = YES;
				CLANG_WARN_NON_LITERAL_NULL_CONVERSION = YES;
				CLANG_WARN_OBJC_IMPLICIT_RETAIN_SELF = YES;
				CLANG_WARN_OBJC_LITERAL_CONVERSION = YES;
				CLANG_WARN_OBJC_ROOT_CLASS = YES_ERROR;
				CLANG_WARN_RANGE_LOOP_ANALYSIS = YES;
				CLANG_WARN_STRICT_PROTOTYPES = YES;
				CLANG_WARN_SUSPICIOUS_MOVE = YES;
				CLANG_WARN_UNGUARDED_AVAILABILITY = YES_AGGRESSIVE;
				CLANG_WARN_UNREACHABLE_CODE = YES;
				CLANG_WARN__DUPLICATE_METHOD_MATCH = YES;
				COPY_PHASE_STRIP = NO;
				DEBUG_INFORMATION_FORMAT = dwarf;
				ENABLE_STRICT_OBJC_MSGSEND = YES;
				ENABLE_TESTABILITY = YES;
				GCC_C_LANGUAGE_STANDARD = gnu11;
				GCC_DYNAMIC_NO_PIC = NO;
				GCC_NO_COMMON_BLOCKS = YES;
				GCC_OPTIMIZATION_LEVEL = 0;
				GCC_PREPROCESSOR_DEFINITIONS = (
					"DEBUG=1",
					"$(inherited)",
				);
				GCC_WARN_64_TO_32_BIT_CONVERSION = YES;
				GCC_WARN_ABOUT_RETURN_TYPE = YES_ERROR;
				GCC_WARN_UNDECLARED_SELECTOR = YES;
				GCC_WARN_UNINITIALIZED_AUTOS = YES_AGGRESSIVE;
				GCC_WARN_UNUSED_FUNCTION = YES;
				GCC_WARN_UNUSED_VARIABLE = YES;
				MACOSX_DEPLOYMENT_TARGET = 10.15;
				MTL_ENABLE_DEBUG_INFO = INCLUDE_SOURCE;
				MTL_FAST_MATH = YES;
				ONLY_ACTIVE_ARCH = YES;
				SDKROOT = macosx;
				SWIFT_ACTIVE_COMPILATION_CONDITIONS = DEBUG;
				SWIFT_OPTIMIZATION_LEVEL = "-Onone";
			};
			name = Debug;
		};
		2F0647DF23E38FEC00965033 /* Release */ = {
			isa = XCBuildConfiguration;
			buildSettings = {
				ALWAYS_SEARCH_USER_PATHS = NO;
				CLANG_ANALYZER_NONNULL = YES;
				CLANG_ANALYZER_NUMBER_OBJECT_CONVERSION = YES_AGGRESSIVE;
				CLANG_CXX_LANGUAGE_STANDARD = "gnu++14";
				CLANG_CXX_LIBRARY = "libc++";
				CLANG_ENABLE_MODULES = YES;
				CLANG_ENABLE_OBJC_ARC = YES;
				CLANG_ENABLE_OBJC_WEAK = YES;
				CLANG_WARN_BLOCK_CAPTURE_AUTORELEASING = YES;
				CLANG_WARN_BOOL_CONVERSION = YES;
				CLANG_WARN_COMMA = YES;
				CLANG_WARN_CONSTANT_CONVERSION = YES;
				CLANG_WARN_DEPRECATED_OBJC_IMPLEMENTATIONS = YES;
				CLANG_WARN_DIRECT_OBJC_ISA_USAGE = YES_ERROR;
				CLANG_WARN_DOCUMENTATION_COMMENTS = YES;
				CLANG_WARN_EMPTY_BODY = YES;
				CLANG_WARN_ENUM_CONVERSION = YES;
				CLANG_WARN_INFINITE_RECURSION = YES;
				CLANG_WARN_INT_CONVERSION = YES;
				CLANG_WARN_NON_LITERAL_NULL_CONVERSION = YES;
				CLANG_WARN_OBJC_IMPLICIT_RETAIN_SELF = YES;
				CLANG_WARN_OBJC_LITERAL_CONVERSION = YES;
				CLANG_WARN_OBJC_ROOT_CLASS = YES_ERROR;
				CLANG_WARN_RANGE_LOOP_ANALYSIS = YES;
				CLANG_WARN_STRICT_PROTOTYPES = YES;
				CLANG_WARN_SUSPICIOUS_MOVE = YES;
				CLANG_WARN_UNGUARDED_AVAILABILITY = YES_AGGRESSIVE;
				CLANG_WARN_UNREACHABLE_CODE = YES;
				CLANG_WARN__DUPLICATE_METHOD_MATCH = YES;
				COPY_PHASE_STRIP = NO;
				DEBUG_INFORMATION_FORMAT = "dwarf-with-dsym";
				ENABLE_NS_ASSERTIONS = NO;
				ENABLE_STRICT_OBJC_MSGSEND = YES;
				GCC_C_LANGUAGE_STANDARD = gnu11;
				GCC_NO_COMMON_BLOCKS = YES;
				GCC_WARN_64_TO_32_BIT_CONVERSION = YES;
				GCC_WARN_ABOUT_RETURN_TYPE = YES_ERROR;
				GCC_WARN_UNDECLARED_SELECTOR = YES;
				GCC_WARN_UNINITIALIZED_AUTOS = YES_AGGRESSIVE;
				GCC_WARN_UNUSED_FUNCTION = YES;
				GCC_WARN_UNUSED_VARIABLE = YES;
				MACOSX_DEPLOYMENT_TARGET = 10.15;
				MTL_ENABLE_DEBUG_INFO = NO;
				MTL_FAST_MATH = YES;
				SDKROOT = macosx;
				SWIFT_COMPILATION_MODE = wholemodule;
				SWIFT_OPTIMIZATION_LEVEL = "-O";
			};
			name = Release;
		};
		2F0647E123E38FEC00965033 /* Debug */ = {
			isa = XCBuildConfiguration;
			buildSettings = {
				ASSETCATALOG_COMPILER_APPICON_NAME = AppIcon;
				CODE_SIGN_ENTITLEMENTS = Etherdump/Etherdump.entitlements;
				CODE_SIGN_STYLE = Automatic;
				COMBINE_HIDPI_IMAGES = YES;
				DEVELOPMENT_ASSET_PATHS = "\"Etherdump/Preview Content\"";
				DEVELOPMENT_TEAM = 8DU2Q8ABKY;
				ENABLE_HARDENED_RUNTIME = YES;
				ENABLE_PREVIEWS = YES;
				INFOPLIST_FILE = Etherdump/Info.plist;
				LD_RUNPATH_SEARCH_PATHS = (
					"$(inherited)",
					"@executable_path/../Frameworks",
				);
				MACOSX_DEPLOYMENT_TARGET = 10.15;
				PRODUCT_BUNDLE_IDENTIFIER = net.networkmom.Etherdump;
				PRODUCT_NAME = "$(TARGET_NAME)";
				SWIFT_VERSION = 5.0;
			};
			name = Debug;
		};
		2F0647E223E38FEC00965033 /* Release */ = {
			isa = XCBuildConfiguration;
			buildSettings = {
				ASSETCATALOG_COMPILER_APPICON_NAME = AppIcon;
				CODE_SIGN_ENTITLEMENTS = Etherdump/Etherdump.entitlements;
				CODE_SIGN_STYLE = Automatic;
				COMBINE_HIDPI_IMAGES = YES;
				DEVELOPMENT_ASSET_PATHS = "\"Etherdump/Preview Content\"";
				DEVELOPMENT_TEAM = 8DU2Q8ABKY;
				ENABLE_HARDENED_RUNTIME = YES;
				ENABLE_PREVIEWS = YES;
				INFOPLIST_FILE = Etherdump/Info.plist;
				LD_RUNPATH_SEARCH_PATHS = (
					"$(inherited)",
					"@executable_path/../Frameworks",
				);
				MACOSX_DEPLOYMENT_TARGET = 10.15;
				PRODUCT_BUNDLE_IDENTIFIER = net.networkmom.Etherdump;
				PRODUCT_NAME = "$(TARGET_NAME)";
				SWIFT_VERSION = 5.0;
			};
			name = Release;
		};
/* End XCBuildConfiguration section */

/* Begin XCConfigurationList section */
		2F0647C823E38FE900965033 /* Build configuration list for PBXProject "Etherdump" */ = {
			isa = XCConfigurationList;
			buildConfigurations = (
				2F0647DE23E38FEC00965033 /* Debug */,
				2F0647DF23E38FEC00965033 /* Release */,
			);
			defaultConfigurationIsVisible = 0;
			defaultConfigurationName = Release;
		};
		2F0647E023E38FEC00965033 /* Build configuration list for PBXNativeTarget "Etherdump" */ = {
			isa = XCConfigurationList;
			buildConfigurations = (
				2F0647E123E38FEC00965033 /* Debug */,
				2F0647E223E38FEC00965033 /* Release */,
			);
			defaultConfigurationIsVisible = 0;
			defaultConfigurationName = Release;
		};
/* End XCConfigurationList section */

/* Begin XCRemoteSwiftPackageReference section */
		2F0647E323E3907C00965033 /* XCRemoteSwiftPackageReference "PackageEtherCapture" */ = {
			isa = XCRemoteSwiftPackageReference;
			repositoryURL = "https://github.com/darrellroot/PackageEtherCapture.git";
			requirement = {
				kind = upToNextMajorVersion;
				minimumVersion = 0.0.31;
			};
		};
/* End XCRemoteSwiftPackageReference section */

/* Begin XCSwiftPackageProductDependency section */
		2F0647E423E3907C00965033 /* PackageEtherCapture */ = {
			isa = XCSwiftPackageProductDependency;
			package = 2F0647E323E3907C00965033 /* XCRemoteSwiftPackageReference "PackageEtherCapture" */;
			productName = PackageEtherCapture;
		};
/* End XCSwiftPackageProductDependency section */
	};
	rootObject = 2F0647C523E38FE900965033 /* Project object */;
}
