{
  "object": {
    "pins": [
      {
        "package": "PackageEtherCapture",
        "repositoryURL": "https://github.com/darrellroot/PackageEtherCapture.git",
        "state": {
          "branch": null,
          "revision": "77d5fa87aebb91f13f9a9d6b8ff8905fb2d6e651",
          "version": "0.0.57"
        }
      },
      {
        "package": "PackageSwiftPcapng",
        "repositoryURL": "https://github.com/darrellroot/PackageSwiftPcapng.git",
        "state": {
          "branch": null,
          "revision": "46cdb8f2c6e7815d3457f03e7ad34b76bce1932a",
          "version": "0.0.36"
        }
      },
      {
        "package": "swift-log",
        "repositoryURL": "https://github.com/apple/swift-log.git",
        "state": {
          "branch": null,
          "revision": "74d7b91ceebc85daf387ebb206003f78813f71aa",
          "version": "1.2.0"
        }
      }
    ]
  },
  "version": 1
}
