{
  "object": {
    "pins": [
      {
        "package": "PackageEtherCapture",
        "repositoryURL": "https://github.com/darrellroot/PackageEtherCapture.git",
        "state": {
          "branch": null,
          "revision": "579f5633035fd3ceb3436fcbdb300dfce97a5488",
          "version": "0.0.44"
        }
      },
      {
        "package": "PackageSwiftPcapng",
        "repositoryURL": "https://github.com/darrellroot/PackageSwiftPcapng.git",
        "state": {
          "branch": null,
          "revision": "8c697abbb05e225a176d26831e679762a6aee5f7",
          "version": "0.0.27"
        }
      },
      {
        "package": "swift-log",
        "repositoryURL": "https://github.com/apple/swift-log.git",
        "state": {
          "branch": null,
          "revision": "74d7b91ceebc85daf387ebb206003f78813f71aa",
          "version": "1.2.0"
        }
      }
    ]
  },
  "version": 1
}
